
Microsoft Visual Studio Solution File, Format Version 12.00
# Visual Studio 15
VisualStudioVersion = 15.0.26730.12
MinimumVisualStudioVersion = 10.0.40219.1
Project("{FAE04EC0-301F-11D3-BF4B-00C04F79EFBC}") = "MusicApplication", "MusicApplication\MusicApplication.csproj", "{6C6A1337-4B37-4F6E-8418-F5D99B3D7B7A}"
	ProjectSection(ProjectDependencies) = postProject
		{BDD0885E-174A-4571-A9A0-D3B458CED0B3} = {BDD0885E-174A-4571-A9A0-D3B458CED0B3}
		{B08458FD-2A52-4495-B367-69DF56135D0B} = {B08458FD-2A52-4495-B367-69DF56135D0B}
	EndProjectSection
EndProject
Project("{FAE04EC0-301F-11D3-BF4B-00C04F79EFBC}") = "MusicApplication.Tests", "MusicApplication.Tests\MusicApplication.Tests.csproj", "{B0F96356-C11E-44BA-8923-5C90EE7D83B8}"
EndProject
Project("{FAE04EC0-301F-11D3-BF4B-00C04F79EFBC}") = "CustomBar", "CustomBar\CustomBar.csproj", "{4065A508-91FF-4B17-ACA1-87B87DE3D10A}"
EndProject
Project("{FAE04EC0-301F-11D3-BF4B-00C04F79EFBC}") = "MusicPlayArea", "MusicPlayArea\MusicPlayArea.csproj", "{BDD0885E-174A-4571-A9A0-D3B458CED0B3}"
EndProject
Project("{FAE04EC0-301F-11D3-BF4B-00C04F79EFBC}") = "MusicPlayerButton", "MusicPlayerButton\MusicPlayerButton.csproj", "{B08458FD-2A52-4495-B367-69DF56135D0B}"
EndProject
Global
	GlobalSection(SolutionConfigurationPlatforms) = preSolution
		Debug|Any CPU = Debug|Any CPU
		Release|Any CPU = Release|Any CPU
	EndGlobalSection
	GlobalSection(ProjectConfigurationPlatforms) = postSolution
		{6C6A1337-4B37-4F6E-8418-F5D99B3D7B7A}.Debug|Any CPU.ActiveCfg = Debug|Any CPU
		{6C6A1337-4B37-4F6E-8418-F5D99B3D7B7A}.Debug|Any CPU.Build.0 = Debug|Any CPU
		{6C6A1337-4B37-4F6E-8418-F5D99B3D7B7A}.Release|Any CPU.ActiveCfg = Release|Any CPU
		{6C6A1337-4B37-4F6E-8418-F5D99B3D7B7A}.Release|Any CPU.Build.0 = Release|Any CPU
		{B0F96356-C11E-44BA-8923-5C90EE7D83B8}.Debug|Any CPU.ActiveCfg = Debug|Any CPU
		{B0F96356-C11E-44BA-8923-5C90EE7D83B8}.Debug|Any CPU.Build.0 = Debug|Any CPU
		{B0F96356-C11E-44BA-8923-5C90EE7D83B8}.Release|Any CPU.ActiveCfg = Release|Any CPU
		{B0F96356-C11E-44BA-8923-5C90EE7D83B8}.Release|Any CPU.Build.0 = Release|Any CPU
		{4065A508-91FF-4B17-ACA1-87B87DE3D10A}.Debug|Any CPU.ActiveCfg = Debug|Any CPU
		{4065A508-91FF-4B17-ACA1-87B87DE3D10A}.Debug|Any CPU.Build.0 = Debug|Any CPU
		{4065A508-91FF-4B17-ACA1-87B87DE3D10A}.Release|Any CPU.ActiveCfg = Release|Any CPU
		{4065A508-91FF-4B17-ACA1-87B87DE3D10A}.Release|Any CPU.Build.0 = Release|Any CPU
		{BDD0885E-174A-4571-A9A0-D3B458CED0B3}.Debug|Any CPU.ActiveCfg = Debug|Any CPU
		{BDD0885E-174A-4571-A9A0-D3B458CED0B3}.Debug|Any CPU.Build.0 = Debug|Any CPU
		{BDD0885E-174A-4571-A9A0-D3B458CED0B3}.Release|Any CPU.ActiveCfg = Release|Any CPU
		{BDD0885E-174A-4571-A9A0-D3B458CED0B3}.Release|Any CPU.Build.0 = Release|Any CPU
		{B08458FD-2A52-4495-B367-69DF56135D0B}.Debug|Any CPU.ActiveCfg = Debug|Any CPU
		{B08458FD-2A52-4495-B367-69DF56135D0B}.Debug|Any CPU.Build.0 = Debug|Any CPU
		{B08458FD-2A52-4495-B367-69DF56135D0B}.Release|Any CPU.ActiveCfg = Release|Any CPU
		{B08458FD-2A52-4495-B367-69DF56135D0B}.Release|Any CPU.Build.0 = Release|Any CPU
	EndGlobalSection
	GlobalSection(SolutionProperties) = preSolution
		HideSolutionNode = FALSE
	EndGlobalSection
	GlobalSection(ExtensibilityGlobals) = postSolution
		SolutionGuid = {1764956B-6C67-4CE0-9803-321789B2A2D0}
	EndGlobalSection
EndGlobal
